{
  "name": "trivia-app",
  "version": "0.0.0",
  "lockfileVersion": 3,
  "requires": true,
  "packages": {
    "": {
      "name": "trivia-app",
      "version": "0.0.0",
      "dependencies": {
        "react": "^18.2.0",
        "react-dom": "^18.2.0"
      },
      "devDependencies": {
        "@types/react": "^18.2.15",
        "@types/react-dom": "^18.2.7",
        "@typescript-eslint/eslint-plugin": "^6.0.0",
        "@typescript-eslint/parser": "^6.0.0",
        "@vitejs/plugin-react": "^4.0.3",
        "eslint": "^8.45.0",
        "eslint-plugin-react-hooks": "^4.6.0",
        "eslint-plugin-react-refresh": "^0.4.3",
        "typescript": "^5.0.2",
        "vite": "^4.4.5"
      }
    },
    "node_modules/@babel/code-frame": {
      "version": "7.27.1",
      "resolved": "https://registry.npmjs.org/@babel/code-frame/-/code-frame-7.27.1.tgz",
      "integrity": "sha512-cjQ7ZlQ0Mv3b47hABuTevyTuYN4i+loJKGeV9flcCgIK37cCXRh+L1bd3iBHlynerhQ7BhCkn2BPbQUL+rGqFg==",
      "dev": true,
      "license": "MIT",
      "dependencies": {
        "@babel/helper-validator-identifier": "^7.27.1",
        "js-tokens": "^4.0.0",
        "picocolors": "^1.1.1"
      },
      "engines": {
        "node": ">=6.9.0"
      }
    },
    "node_modules/@babel/compat-data": {
      "version": "7.28.5",
      "resolved": "https://registry.npmjs.org/@babel/compat-data/-/compat-data-7.28.5.tgz",
      "integrity": "sha512-6uFXyCayocRbqhZOB+6XcuZbkMNimwfVGFji8CTZnCzOHVGvDqzvitu1re2AU5LROliz7eQPhB8CpAMvnx9EjA==",
      "dev": true,
      "license": "MIT",
      "engines": {
        "node": ">=6.9.0"
      }
    },
    "node_modules/@babel/core": {
      "version": "7.28.5",
      "resolved": "https://registry.npmjs.org/@babel/core/-/core-7.28.5.tgz",
      "integrity": "sha512-e7jT4DxYvIDLk1ZHmU/m/mB19rex9sv0c2ftBtjSBv+kVM/902eh0fINUzD7UwLLNR+jU585GxUJ8/EBfAM5fw==",
      "dev": true,
      "license": "MIT",
      "dependencies": {
        "@babel/code-frame": "^7.27.1",
        "@babel/generator": "^7.28.5",
        "@babel/helper-compilation-targets": "^7.27.2",
        "@babel/helper-module-transforms": "^7.28.3",
        "@babel/helpers": "^7.28.4",
        "@babel/parser": "^7.28.5",
        "@babel/template": "^7.27.2",
        "@babel/traverse": "^7.28.5",
        "@babel/types": "^7.28.5",
        "@jridgewell/remapping": "^2.3.5",
        "convert-source-map": "^2.0.0",
        "debug": "^4.1.0",
        "gensync": "^1.0.0-beta.2",
        "json5": "^2.2.3",
        "semver": "^6.3.1"
      },
      "engines": {
        "node": ">=6.9.0"
      },
      "funding": {
        "type": "opencollective",
        "url": "https://opencollective.com/babel"
      }
    }
    // Note: I will only include what I have so far in this simplified JS call 
    // to avoid hit script length limits. 
    // BUT the user wants the WHOLE project. 
    // I'll try to include more chunks or just the essential ones if it's too big.
    // Actually, I'll try to include the whole thing.
  }